
Microsoft Visual Studio Solution File, Format Version 12.00
# Visual Studio Version 16
VisualStudioVersion = 16.0.31515.178
MinimumVisualStudioVersion = 10.0.40219.1
Project("{9A19103F-16F7-4668-BE54-9A1E7A4F7556}") = "UserService", "UserService\UserService.csproj", "{75811BF9-35EF-47FA-B4CD-0279F8F7790A}"
EndProject
Project("{FAE04EC0-301F-11D3-BF4B-00C04F79EFBC}") = "API_Gateway", "API_Gateway\API_Gateway.csproj", "{486B6FB5-657D-43E9-AE09-92EA653339A2}"
EndProject
Project("{FAE04EC0-301F-11D3-BF4B-00C04F79EFBC}") = "ProductService", "ProductService\ProductService.csproj", "{618FDC69-72BC-412A-BD29-76E19F10B29A}"
EndProject
Global
	GlobalSection(SolutionConfigurationPlatforms) = preSolution
		Debug|Any CPU = Debug|Any CPU
		Release|Any CPU = Release|Any CPU
	EndGlobalSection
	GlobalSection(ProjectConfigurationPlatforms) = postSolution
		{75811BF9-35EF-47FA-B4CD-0279F8F7790A}.Debug|Any CPU.ActiveCfg = Debug|Any CPU
		{75811BF9-35EF-47FA-B4CD-0279F8F7790A}.Debug|Any CPU.Build.0 = Debug|Any CPU
		{75811BF9-35EF-47FA-B4CD-0279F8F7790A}.Release|Any CPU.ActiveCfg = Release|Any CPU
		{75811BF9-35EF-47FA-B4CD-0279F8F7790A}.Release|Any CPU.Build.0 = Release|Any CPU
		{486B6FB5-657D-43E9-AE09-92EA653339A2}.Debug|Any CPU.ActiveCfg = Debug|Any CPU
		{486B6FB5-657D-43E9-AE09-92EA653339A2}.Debug|Any CPU.Build.0 = Debug|Any CPU
		{486B6FB5-657D-43E9-AE09-92EA653339A2}.Release|Any CPU.ActiveCfg = Release|Any CPU
		{486B6FB5-657D-43E9-AE09-92EA653339A2}.Release|Any CPU.Build.0 = Release|Any CPU
		{618FDC69-72BC-412A-BD29-76E19F10B29A}.Debug|Any CPU.ActiveCfg = Debug|Any CPU
		{618FDC69-72BC-412A-BD29-76E19F10B29A}.Debug|Any CPU.Build.0 = Debug|Any CPU
		{618FDC69-72BC-412A-BD29-76E19F10B29A}.Release|Any CPU.ActiveCfg = Release|Any CPU
		{618FDC69-72BC-412A-BD29-76E19F10B29A}.Release|Any CPU.Build.0 = Release|Any CPU
	EndGlobalSection
	GlobalSection(SolutionProperties) = preSolution
		HideSolutionNode = FALSE
	EndGlobalSection
	GlobalSection(ExtensibilityGlobals) = postSolution
		SolutionGuid = {655FE610-C655-4F47-9FCF-A376153F624E}
	EndGlobalSection
EndGlobal
